# Version lock for docs, agents, and skills.
# Managed by aico CLI and by the docs-to-markdown skill.
# Do not edit by hand unless you know what you're doing.

agents:
  link-harvester:
    source: subagents/link-harvester.md
    version: 2026-04-19
  markdown-converter:
    source: subagents/markdown-converter.md
    version: 2026-04-19

skills:
  docs-to-markdown:
    source: packages/skills/docs-to-markdown/SKILL.md
    version: 2026-04-19

docs: {}
